
Microsoft Visual Studio Solution File, Format Version 12.00
# Visual Studio Version 16
VisualStudioVersion = 16.0.30804.86
MinimumVisualStudioVersion = 10.0.40219.1
Project("{9A19103F-16F7-4668-BE54-9A1E7A4F7556}") = "GitExtensions.GitLabPipelinesPlugin", "GitExtensions.GitLabPipelinesPlugin\GitExtensions.GitLabPipelinesPlugin.csproj", "{49BA2D5C-06D8-4237-BC85-4418905DE2C5}"
EndProject
Project("{9A19103F-16F7-4668-BE54-9A1E7A4F7556}") = "GitLabApiClient", "GitLabApiClient\GitLabApiClient.csproj", "{608A4E80-D941-4E50-8321-DA1502DF629A}"
EndProject
Project("{9A19103F-16F7-4668-BE54-9A1E7A4F7556}") = "_build", "..\build\_build.csproj", "{949B67DF-31DD-4474-890B-80063B7E6E6C}"
EndProject
Global
	GlobalSection(SolutionConfigurationPlatforms) = preSolution
		Debug|Any CPU = Debug|Any CPU
		Release|Any CPU = Release|Any CPU
	EndGlobalSection
	GlobalSection(ProjectConfigurationPlatforms) = postSolution
		{49BA2D5C-06D8-4237-BC85-4418905DE2C5}.Debug|Any CPU.ActiveCfg = Debug|Any CPU
		{49BA2D5C-06D8-4237-BC85-4418905DE2C5}.Debug|Any CPU.Build.0 = Debug|Any CPU
		{49BA2D5C-06D8-4237-BC85-4418905DE2C5}.Release|Any CPU.ActiveCfg = Release|Any CPU
		{49BA2D5C-06D8-4237-BC85-4418905DE2C5}.Release|Any CPU.Build.0 = Release|Any CPU
		{608A4E80-D941-4E50-8321-DA1502DF629A}.Debug|Any CPU.ActiveCfg = Debug|Any CPU
		{608A4E80-D941-4E50-8321-DA1502DF629A}.Debug|Any CPU.Build.0 = Debug|Any CPU
		{608A4E80-D941-4E50-8321-DA1502DF629A}.Release|Any CPU.ActiveCfg = Release|Any CPU
		{608A4E80-D941-4E50-8321-DA1502DF629A}.Release|Any CPU.Build.0 = Release|Any CPU
		{949B67DF-31DD-4474-890B-80063B7E6E6C}.Debug|Any CPU.ActiveCfg = Debug|Any CPU
		{949B67DF-31DD-4474-890B-80063B7E6E6C}.Release|Any CPU.ActiveCfg = Release|Any CPU
	EndGlobalSection
	GlobalSection(SolutionProperties) = preSolution
		HideSolutionNode = FALSE
	EndGlobalSection
	GlobalSection(ExtensibilityGlobals) = postSolution
		SolutionGuid = {D2DE5AAE-AB0A-4728-B565-BF23ACF230A9}
	EndGlobalSection
EndGlobal
